
Microsoft Visual Studio Solution File, Format Version 12.00
Project("{FAE04EC0-301F-11D3-BF4B-00C04F79EFBC}") = "OxideOutbox", "OxideOutbox\OxideOutbox.csproj", "{28860809-3F4A-4064-9C50-E97AF947BE25}"
EndProject
Global
	GlobalSection(SolutionConfigurationPlatforms) = preSolution
		Debug|Any CPU = Debug|Any CPU
		Release|Any CPU = Release|Any CPU
	EndGlobalSection
	GlobalSection(ProjectConfigurationPlatforms) = postSolution
		{28860809-3F4A-4064-9C50-E97AF947BE25}.Debug|Any CPU.ActiveCfg = Debug|Any CPU
		{28860809-3F4A-4064-9C50-E97AF947BE25}.Debug|Any CPU.Build.0 = Debug|Any CPU
		{28860809-3F4A-4064-9C50-E97AF947BE25}.Release|Any CPU.ActiveCfg = Release|Any CPU
		{28860809-3F4A-4064-9C50-E97AF947BE25}.Release|Any CPU.Build.0 = Release|Any CPU
	EndGlobalSection
EndGlobal
